
Microsoft Visual Studio Solution File, Format Version 12.00
# Visual Studio 15
VisualStudioVersion = 15.0.27703.2035
MinimumVisualStudioVersion = 10.0.40219.1
Project("{FAE04EC0-301F-11D3-BF4B-00C04F79EFBC}") = "Enigma", "Enigma\Enigma.csproj", "{32036CF7-F899-4C86-A26F-6D53484EBC5A}"
EndProject
Global
	GlobalSection(SolutionConfigurationPlatforms) = preSolution
		Debug|Any CPU = Debug|Any CPU
		Release|Any CPU = Release|Any CPU
	EndGlobalSection
	GlobalSection(ProjectConfigurationPlatforms) = postSolution
		{32036CF7-F899-4C86-A26F-6D53484EBC5A}.Debug|Any CPU.ActiveCfg = Debug|Any CPU
		{32036CF7-F899-4C86-A26F-6D53484EBC5A}.Debug|Any CPU.Build.0 = Debug|Any CPU
		{32036CF7-F899-4C86-A26F-6D53484EBC5A}.Release|Any CPU.ActiveCfg = Release|Any CPU
		{32036CF7-F899-4C86-A26F-6D53484EBC5A}.Release|Any CPU.Build.0 = Release|Any CPU
	EndGlobalSection
	GlobalSection(SolutionProperties) = preSolution
		HideSolutionNode = FALSE
	EndGlobalSection
	GlobalSection(ExtensibilityGlobals) = postSolution
		SolutionGuid = {830F4BC2-371F-4DBF-B85D-1FC02D930B68}
	EndGlobalSection
EndGlobal
